// !$*UTF8*$!
{
	archiveVersion = 1;
	classes = {
	};
	objectVersion = 77;
	objects = {

/* Begin PBXBuildFile section */
		A10000000000000000000001 /* ConductorApp.swift in Sources */ = {isa = PBXBuildFile; fileRef = A20000000000000000000001 /* ConductorApp.swift */; };
		A10000000000000000000002 /* Models.swift in Sources */ = {isa = PBXBuildFile; fileRef = A20000000000000000000002 /* Models.swift */; };
		A10000000000000000000003 /* SampleData.swift in Sources */ = {isa = PBXBuildFile; fileRef = A20000000000000000000003 /* SampleData.swift */; };
		A10000000000000000000004 /* ContentView.swift in Sources */ = {isa = PBXBuildFile; fileRef = A20000000000000000000004 /* ContentView.swift */; };
		A10000000000000000000005 /* DashboardView.swift in Sources */ = {isa = PBXBuildFile; fileRef = A20000000000000000000005 /* DashboardView.swift */; };
		A10000000000000000000006 /* DevicesView.swift in Sources */ = {isa = PBXBuildFile; fileRef = A20000000000000000000006 /* DevicesView.swift */; };
		A10000000000000000000007 /* SignalsView.swift in Sources */ = {isa = PBXBuildFile; fileRef = A20000000000000000000007 /* SignalsView.swift */; };
		A10000000000000000000008 /* LogicView.swift in Sources */ = {isa = PBXBuildFile; fileRef = A20000000000000000000008 /* LogicView.swift */; };
		A10000000000000000000009 /* SettingsView.swift in Sources */ = {isa = PBXBuildFile; fileRef = A20000000000000000000009 /* SettingsView.swift */; };
		A1000000000000000000000A /* Components.swift in Sources */ = {isa = PBXBuildFile; fileRef = A2000000000000000000000A /* Components.swift */; };
		A1000000000000000000000C /* IntegrationsView.swift in Sources */ = {isa = PBXBuildFile; fileRef = A2000000000000000000000C /* IntegrationsView.swift */; };
		A1000000000000000000000D /* AssistantView.swift in Sources */ = {isa = PBXBuildFile; fileRef = A2000000000000000000000D /* AssistantView.swift */; };
		A1000000000000000000000E /* AppStore.swift in Sources */ = {isa = PBXBuildFile; fileRef = A2000000000000000000000E /* AppStore.swift */; };
		A1000000000000000000000F /* IntegrationCore.swift in Sources */ = {isa = PBXBuildFile; fileRef = A2000000000000000000000F /* IntegrationCore.swift */; };
		A10000000000000000000010 /* SoundClassifierController.swift in Sources */ = {isa = PBXBuildFile; fileRef = A20000000000000000000010 /* SoundClassifierController.swift */; };
		A10000000000000000000011 /* MySoundClassifier.mlmodel in Resources */ = {isa = PBXBuildFile; fileRef = A20000000000000000000011 /* MySoundClassifier.mlmodel */; };
		A10000000000000000000012 /* AppStoreTests.swift in Sources */ = {isa = PBXBuildFile; fileRef = A20000000000000000000012 /* AppStoreTests.swift */; };
		A10000000000000000000013 /* LearningModels.swift in Sources */ = {isa = PBXBuildFile; fileRef = A20000000000000000000013 /* LearningModels.swift */; };
		A10000000000000000000014 /* LearningView.swift in Sources */ = {isa = PBXBuildFile; fileRef = A20000000000000000000014 /* LearningView.swift */; };
		A10000000000000000000015 /* CommandSafety.swift in Sources */ = {isa = PBXBuildFile; fileRef = A20000000000000000000015 /* CommandSafety.swift */; };
		A10000000000000000000016 /* CredentialStore.swift in Sources */ = {isa = PBXBuildFile; fileRef = A20000000000000000000016 /* CredentialStore.swift */; };
		A10000000000000000000017 /* HomePersistence.swift in Sources */ = {isa = PBXBuildFile; fileRef = A20000000000000000000017 /* HomePersistence.swift */; };
		A10000000000000000000018 /* ConfigurationDocument.swift in Sources */ = {isa = PBXBuildFile; fileRef = A20000000000000000000018 /* ConfigurationDocument.swift */; };
		A10000000000000000000019 /* AppNavigation.swift in Sources */ = {isa = PBXBuildFile; fileRef = A20000000000000000000019 /* AppNavigation.swift */; };
		A1000000000000000000001A /* AuditLogView.swift in Sources */ = {isa = PBXBuildFile; fileRef = A2000000000000000000001A /* AuditLogView.swift */; };
		A1000000000000000000001B /* Assets.xcassets in Resources */ = {isa = PBXBuildFile; fileRef = A2000000000000000000001B /* Assets.xcassets */; };
		A1000000000000000000001C /* PrivacyInfo.xcprivacy in Resources */ = {isa = PBXBuildFile; fileRef = A2000000000000000000001C /* PrivacyInfo.xcprivacy */; };
		A1000000000000000000001D /* HomeAssistantIntegration.swift in Sources */ = {isa = PBXBuildFile; fileRef = A2000000000000000000001D /* HomeAssistantIntegration.swift */; };
/* End PBXBuildFile section */

/* Begin PBXContainerItemProxy section */
		2641FE312FF8A41800DBC4F8 /* PBXContainerItemProxy */ = {
			isa = PBXContainerItemProxy;
			containerPortal = A90000000000000000000001 /* Project object */;
			proxyType = 1;
			remoteGlobalIDString = A50000000000000000000001;
			remoteInfo = SmartHomeConductor;
		};
/* End PBXContainerItemProxy section */

/* Begin PBXFileReference section */
		2641FE2D2FF8A41800DBC4F8 /* SmartHomeConductorTests.xctest */ = {isa = PBXFileReference; explicitFileType = wrapper.cfbundle; includeInIndex = 0; path = SmartHomeConductorTests.xctest; sourceTree = BUILT_PRODUCTS_DIR; };
		2650680D30143CB400F960CE /* Info.plist */ = {isa = PBXFileReference; lastKnownFileType = text.plist; path = Info.plist; sourceTree = "<group>"; };
		A20000000000000000000001 /* ConductorApp.swift */ = {isa = PBXFileReference; lastKnownFileType = sourcecode.swift; path = ConductorApp.swift; sourceTree = "<group>"; };
		A20000000000000000000002 /* Models.swift */ = {isa = PBXFileReference; lastKnownFileType = sourcecode.swift; path = Models.swift; sourceTree = "<group>"; };
		A20000000000000000000003 /* SampleData.swift */ = {isa = PBXFileReference; lastKnownFileType = sourcecode.swift; path = SampleData.swift; sourceTree = "<group>"; };
		A20000000000000000000004 /* ContentView.swift */ = {isa = PBXFileReference; lastKnownFileType = sourcecode.swift; path = ContentView.swift; sourceTree = "<group>"; };
		A20000000000000000000005 /* DashboardView.swift */ = {isa = PBXFileReference; lastKnownFileType = sourcecode.swift; path = DashboardView.swift; sourceTree = "<group>"; };
		A20000000000000000000006 /* DevicesView.swift */ = {isa = PBXFileReference; lastKnownFileType = sourcecode.swift; path = DevicesView.swift; sourceTree = "<group>"; };
		A20000000000000000000007 /* SignalsView.swift */ = {isa = PBXFileReference; lastKnownFileType = sourcecode.swift; path = SignalsView.swift; sourceTree = "<group>"; };
		A20000000000000000000008 /* LogicView.swift */ = {isa = PBXFileReference; lastKnownFileType = sourcecode.swift; path = LogicView.swift; sourceTree = "<group>"; };
		A20000000000000000000009 /* SettingsView.swift */ = {isa = PBXFileReference; lastKnownFileType = sourcecode.swift; path = SettingsView.swift; sourceTree = "<group>"; };
		A2000000000000000000000A /* Components.swift */ = {isa = PBXFileReference; lastKnownFileType = sourcecode.swift; path = Components.swift; sourceTree = "<group>"; };
		A2000000000000000000000C /* IntegrationsView.swift */ = {isa = PBXFileReference; lastKnownFileType = sourcecode.swift; path = IntegrationsView.swift; sourceTree = "<group>"; };
		A2000000000000000000000D /* AssistantView.swift */ = {isa = PBXFileReference; lastKnownFileType = sourcecode.swift; path = AssistantView.swift; sourceTree = "<group>"; };
		A2000000000000000000000E /* AppStore.swift */ = {isa = PBXFileReference; lastKnownFileType = sourcecode.swift; path = AppStore.swift; sourceTree = "<group>"; };
		A2000000000000000000000F /* IntegrationCore.swift */ = {isa = PBXFileReference; lastKnownFileType = sourcecode.swift; path = IntegrationCore.swift; sourceTree = "<group>"; };
		A20000000000000000000010 /* SoundClassifierController.swift */ = {isa = PBXFileReference; lastKnownFileType = sourcecode.swift; path = SoundClassifierController.swift; sourceTree = "<group>"; };
		A20000000000000000000011 /* MySoundClassifier.mlmodel */ = {isa = PBXFileReference; lastKnownFileType = file.mlmodel; path = MySoundClassifier.mlmodel; sourceTree = "<group>"; };
		A20000000000000000000012 /* AppStoreTests.swift */ = {isa = PBXFileReference; lastKnownFileType = sourcecode.swift; path = AppStoreTests.swift; sourceTree = "<group>"; };
		A20000000000000000000013 /* LearningModels.swift */ = {isa = PBXFileReference; lastKnownFileType = sourcecode.swift; path = LearningModels.swift; sourceTree = "<group>"; };
		A20000000000000000000014 /* LearningView.swift */ = {isa = PBXFileReference; lastKnownFileType = sourcecode.swift; path = LearningView.swift; sourceTree = "<group>"; };
		A20000000000000000000015 /* CommandSafety.swift */ = {isa = PBXFileReference; lastKnownFileType = sourcecode.swift; path = CommandSafety.swift; sourceTree = "<group>"; };
		A20000000000000000000016 /* CredentialStore.swift */ = {isa = PBXFileReference; lastKnownFileType = sourcecode.swift; path = CredentialStore.swift; sourceTree = "<group>"; };
		A20000000000000000000017 /* HomePersistence.swift */ = {isa = PBXFileReference; lastKnownFileType = sourcecode.swift; path = HomePersistence.swift; sourceTree = "<group>"; };
		A20000000000000000000018 /* ConfigurationDocument.swift */ = {isa = PBXFileReference; lastKnownFileType = sourcecode.swift; path = ConfigurationDocument.swift; sourceTree = "<group>"; };
		A20000000000000000000019 /* AppNavigation.swift */ = {isa = PBXFileReference; lastKnownFileType = sourcecode.swift; path = AppNavigation.swift; sourceTree = "<group>"; };
		A2000000000000000000001A /* AuditLogView.swift */ = {isa = PBXFileReference; lastKnownFileType = sourcecode.swift; path = AuditLogView.swift; sourceTree = "<group>"; };
		A2000000000000000000001B /* Assets.xcassets */ = {isa = PBXFileReference; lastKnownFileType = folder.assetcatalog; path = Assets.xcassets; sourceTree = "<group>"; };
		A2000000000000000000001C /* PrivacyInfo.xcprivacy */ = {isa = PBXFileReference; lastKnownFileType = text.xml; path = PrivacyInfo.xcprivacy; sourceTree = "<group>"; };
		A2000000000000000000001D /* HomeAssistantIntegration.swift */ = {isa = PBXFileReference; lastKnownFileType = sourcecode.swift; path = HomeAssistantIntegration.swift; sourceTree = "<group>"; };
		A2000000000000000000000B /* SmartHomeConductor.app */ = {isa = PBXFileReference; explicitFileType = wrapper.application; includeInIndex = 0; path = SmartHomeConductor.app; sourceTree = BUILT_PRODUCTS_DIR; };
/* End PBXFileReference section */

/* Begin PBXFrameworksBuildPhase section */
		2641FE2A2FF8A41800DBC4F8 /* Frameworks */ = {
			isa = PBXFrameworksBuildPhase;
			buildActionMask = 2147483647;
			files = (
			);
			runOnlyForDeploymentPostprocessing = 0;
		};
		A30000000000000000000001 /* Frameworks */ = {
			isa = PBXFrameworksBuildPhase;
			buildActionMask = 2147483647;
			files = (
			);
			runOnlyForDeploymentPostprocessing = 0;
		};
/* End PBXFrameworksBuildPhase section */

/* Begin PBXGroup section */
		A40000000000000000000001 = {
			isa = PBXGroup;
			children = (
				A40000000000000000000003 /* SmartHomeConductor */,
				A40000000000000000000005 /* SmartHomeConductorTests */,
				A40000000000000000000002 /* Products */,
			);
			sourceTree = "<group>";
		};
		A40000000000000000000002 /* Products */ = {
			isa = PBXGroup;
			children = (
				A2000000000000000000000B /* SmartHomeConductor.app */,
				2641FE2D2FF8A41800DBC4F8 /* SmartHomeConductorTests.xctest */,
			);
			name = Products;
			sourceTree = "<group>";
		};
		A40000000000000000000003 /* SmartHomeConductor */ = {
			isa = PBXGroup;
			children = (
				2650680D30143CB400F960CE /* Info.plist */,
				A40000000000000000000004 /* Sources */,
				A40000000000000000000006 /* Resources */,
			);
			path = SmartHomeConductor;
			sourceTree = "<group>";
		};
		A40000000000000000000004 /* Sources */ = {
			isa = PBXGroup;
			children = (
				A20000000000000000000001 /* ConductorApp.swift */,
				A20000000000000000000002 /* Models.swift */,
				A20000000000000000000013 /* LearningModels.swift */,
				A2000000000000000000000E /* AppStore.swift */,
				A2000000000000000000000F /* IntegrationCore.swift */,
				A20000000000000000000015 /* CommandSafety.swift */,
				A20000000000000000000016 /* CredentialStore.swift */,
				A20000000000000000000017 /* HomePersistence.swift */,
				A20000000000000000000010 /* SoundClassifierController.swift */,
				A20000000000000000000018 /* ConfigurationDocument.swift */,
				A20000000000000000000019 /* AppNavigation.swift */,
				A2000000000000000000001A /* AuditLogView.swift */,
				A2000000000000000000001D /* HomeAssistantIntegration.swift */,
				A20000000000000000000003 /* SampleData.swift */,
				A20000000000000000000004 /* ContentView.swift */,
				A20000000000000000000005 /* DashboardView.swift */,
				A20000000000000000000006 /* DevicesView.swift */,
				A20000000000000000000007 /* SignalsView.swift */,
				A20000000000000000000008 /* LogicView.swift */,
				A20000000000000000000014 /* LearningView.swift */,
				A2000000000000000000000C /* IntegrationsView.swift */,
				A2000000000000000000000D /* AssistantView.swift */,
				A20000000000000000000009 /* SettingsView.swift */,
				A2000000000000000000000A /* Components.swift */,
			);
			path = Sources;
			sourceTree = "<group>";
		};
		A40000000000000000000005 /* SmartHomeConductorTests */ = {
			isa = PBXGroup;
			children = (
				A20000000000000000000012 /* AppStoreTests.swift */,
			);
			path = SmartHomeConductorTests;
			sourceTree = "<group>";
		};
		A40000000000000000000006 /* Resources */ = {
			isa = PBXGroup;
			children = (
				A2000000000000000000001B /* Assets.xcassets */,
				A2000000000000000000001C /* PrivacyInfo.xcprivacy */,
				A20000000000000000000011 /* MySoundClassifier.mlmodel */,
			);
			path = Resources;
			sourceTree = "<group>";
		};
/* End PBXGroup section */

/* Begin PBXNativeTarget section */
		2641FE2C2FF8A41800DBC4F8 /* SmartHomeConductorTests */ = {
			isa = PBXNativeTarget;
			buildConfigurationList = 2641FE352FF8A41800DBC4F8 /* Build configuration list for PBXNativeTarget "SmartHomeConductorTests" */;
			buildPhases = (
				2641FE292FF8A41800DBC4F8 /* Sources */,
				2641FE2A2FF8A41800DBC4F8 /* Frameworks */,
				2641FE2B2FF8A41800DBC4F8 /* Resources */,
			);
			buildRules = (
			);
			dependencies = (
				2641FE322FF8A41800DBC4F8 /* PBXTargetDependency */,
			);
			name = SmartHomeConductorTests;
			packageProductDependencies = (
			);
			productName = SmartHomeConductorTests;
			productReference = 2641FE2D2FF8A41800DBC4F8 /* SmartHomeConductorTests.xctest */;
			productType = "com.apple.product-type.bundle.unit-test";
		};
		A50000000000000000000001 /* SmartHomeConductor */ = {
			isa = PBXNativeTarget;
			buildConfigurationList = A80000000000000000000002 /* Build configuration list for PBXNativeTarget "SmartHomeConductor" */;
			buildPhases = (
				A60000000000000000000001 /* Sources */,
				A30000000000000000000001 /* Frameworks */,
				A70000000000000000000001 /* Resources */,
			);
			buildRules = (
			);
			dependencies = (
			);
			name = SmartHomeConductor;
			productName = SmartHomeConductor;
			productReference = A2000000000000000000000B /* SmartHomeConductor.app */;
			productType = "com.apple.product-type.application";
		};
/* End PBXNativeTarget section */

/* Begin PBXProject section */
		A90000000000000000000001 /* Project object */ = {
			isa = PBXProject;
			attributes = {
				BuildIndependentTargetsInParallel = 1;
				LastSwiftUpdateCheck = 2600;
				LastUpgradeCheck = 2660;
				TargetAttributes = {
					2641FE2C2FF8A41800DBC4F8 = {
						CreatedOnToolsVersion = 26.6;
						LastSwiftMigration = 2660;
						TestTargetID = A50000000000000000000001;
					};
					A50000000000000000000001 = {
						CreatedOnToolsVersion = 26.0;
					};
				};
			};
			buildConfigurationList = A80000000000000000000001 /* Build configuration list for PBXProject "SmartHomeConductor" */;
			developmentRegion = en;
			hasScannedForEncodings = 0;
			knownRegions = (
				en,
				Base,
			);
			mainGroup = A40000000000000000000001;
			minimizedProjectReferenceProxies = 1;
			preferredProjectObjectVersion = 77;
			productRefGroup = A40000000000000000000002 /* Products */;
			projectDirPath = "";
			projectRoot = "";
			targets = (
				A50000000000000000000001 /* SmartHomeConductor */,
				2641FE2C2FF8A41800DBC4F8 /* SmartHomeConductorTests */,
			);
		};
/* End PBXProject section */

/* Begin PBXResourcesBuildPhase section */
		2641FE2B2FF8A41800DBC4F8 /* Resources */ = {
			isa = PBXResourcesBuildPhase;
			buildActionMask = 2147483647;
			files = (
			);
			runOnlyForDeploymentPostprocessing = 0;
		};
		A70000000000000000000001 /* Resources */ = {
			isa = PBXResourcesBuildPhase;
			buildActionMask = 2147483647;
			files = (
				A1000000000000000000001B /* Assets.xcassets in Resources */,
				A1000000000000000000001C /* PrivacyInfo.xcprivacy in Resources */,
				A10000000000000000000011 /* MySoundClassifier.mlmodel in Resources */,
			);
			runOnlyForDeploymentPostprocessing = 0;
		};
/* End PBXResourcesBuildPhase section */

/* Begin PBXSourcesBuildPhase section */
		2641FE292FF8A41800DBC4F8 /* Sources */ = {
			isa = PBXSourcesBuildPhase;
			buildActionMask = 2147483647;
			files = (
				A10000000000000000000012 /* AppStoreTests.swift in Sources */,
			);
			runOnlyForDeploymentPostprocessing = 0;
		};
		A60000000000000000000001 /* Sources */ = {
			isa = PBXSourcesBuildPhase;
			buildActionMask = 2147483647;
			files = (
				A10000000000000000000001 /* ConductorApp.swift in Sources */,
				A10000000000000000000002 /* Models.swift in Sources */,
				A10000000000000000000013 /* LearningModels.swift in Sources */,
				A1000000000000000000000E /* AppStore.swift in Sources */,
				A1000000000000000000000F /* IntegrationCore.swift in Sources */,
				A10000000000000000000015 /* CommandSafety.swift in Sources */,
				A10000000000000000000016 /* CredentialStore.swift in Sources */,
				A10000000000000000000017 /* HomePersistence.swift in Sources */,
				A10000000000000000000010 /* SoundClassifierController.swift in Sources */,
				A10000000000000000000018 /* ConfigurationDocument.swift in Sources */,
				A10000000000000000000019 /* AppNavigation.swift in Sources */,
				A1000000000000000000001A /* AuditLogView.swift in Sources */,
				A1000000000000000000001D /* HomeAssistantIntegration.swift in Sources */,
				A10000000000000000000003 /* SampleData.swift in Sources */,
				A10000000000000000000004 /* ContentView.swift in Sources */,
				A10000000000000000000005 /* DashboardView.swift in Sources */,
				A10000000000000000000006 /* DevicesView.swift in Sources */,
				A10000000000000000000007 /* SignalsView.swift in Sources */,
				A10000000000000000000008 /* LogicView.swift in Sources */,
				A10000000000000000000014 /* LearningView.swift in Sources */,
				A1000000000000000000000C /* IntegrationsView.swift in Sources */,
				A1000000000000000000000D /* AssistantView.swift in Sources */,
				A10000000000000000000009 /* SettingsView.swift in Sources */,
				A1000000000000000000000A /* Components.swift in Sources */,
			);
			runOnlyForDeploymentPostprocessing = 0;
		};
/* End PBXSourcesBuildPhase section */

/* Begin PBXTargetDependency section */
		2641FE322FF8A41800DBC4F8 /* PBXTargetDependency */ = {
			isa = PBXTargetDependency;
			target = A50000000000000000000001 /* SmartHomeConductor */;
			targetProxy = 2641FE312FF8A41800DBC4F8 /* PBXContainerItemProxy */;
		};
/* End PBXTargetDependency section */

/* Begin XCBuildConfiguration section */
		2641FE332FF8A41800DBC4F8 /* Debug */ = {
			isa = XCBuildConfiguration;
			buildSettings = {
				BUNDLE_LOADER = "$(TEST_HOST)";
				CLANG_ENABLE_MODULES = YES;
				CODE_SIGN_STYLE = Automatic;
				CURRENT_PROJECT_VERSION = 5;
				DEVELOPMENT_TEAM = 5MHV6294LG;
				GENERATE_INFOPLIST_FILE = YES;
				IPHONEOS_DEPLOYMENT_TARGET = 18.0;
				MACOSX_DEPLOYMENT_TARGET = 15.0;
				MARKETING_VERSION = 0.3.1;
				PRODUCT_BUNDLE_IDENTIFIER = "nagype-nisz.SmartHomeConductorTests";
				PRODUCT_NAME = "$(TARGET_NAME)";
				SDKROOT = iphoneos;
				STRING_CATALOG_GENERATE_SYMBOLS = NO;
				SUPPORTED_PLATFORMS = "iphoneos iphonesimulator";
				SUPPORTS_MACCATALYST = YES;
				SWIFT_EMIT_LOC_STRINGS = NO;
				SWIFT_OPTIMIZATION_LEVEL = "-Onone";
				SWIFT_VERSION = 6.0;
				TARGETED_DEVICE_FAMILY = "1,2";
				TEST_HOST = "$(BUILT_PRODUCTS_DIR)/SmartHomeConductor.app/$(BUNDLE_EXECUTABLE_FOLDER_PATH)/SmartHomeConductor";
			};
			name = Debug;
		};
		2641FE342FF8A41800DBC4F8 /* Release */ = {
			isa = XCBuildConfiguration;
			buildSettings = {
				BUNDLE_LOADER = "$(TEST_HOST)";
				CLANG_ENABLE_MODULES = YES;
				CODE_SIGN_STYLE = Automatic;
				CURRENT_PROJECT_VERSION = 5;
				DEVELOPMENT_TEAM = 5MHV6294LG;
				GENERATE_INFOPLIST_FILE = YES;
				IPHONEOS_DEPLOYMENT_TARGET = 18.0;
				MACOSX_DEPLOYMENT_TARGET = 15.0;
				MARKETING_VERSION = 0.3.1;
				PRODUCT_BUNDLE_IDENTIFIER = "nagype-nisz.SmartHomeConductorTests";
				PRODUCT_NAME = "$(TARGET_NAME)";
				SDKROOT = iphoneos;
				STRING_CATALOG_GENERATE_SYMBOLS = NO;
				SUPPORTED_PLATFORMS = "iphoneos iphonesimulator";
				SUPPORTS_MACCATALYST = YES;
				SWIFT_EMIT_LOC_STRINGS = NO;
				SWIFT_VERSION = 6.0;
				TARGETED_DEVICE_FAMILY = "1,2";
				TEST_HOST = "$(BUILT_PRODUCTS_DIR)/SmartHomeConductor.app/$(BUNDLE_EXECUTABLE_FOLDER_PATH)/SmartHomeConductor";
			};
			name = Release;
		};
		B10000000000000000000001 /* Debug */ = {
			isa = XCBuildConfiguration;
			buildSettings = {
				ALWAYS_SEARCH_USER_PATHS = NO;
				ASSETCATALOG_COMPILER_GENERATE_SWIFT_ASSET_SYMBOL_EXTENSIONS = YES;
				CLANG_ANALYZER_NONNULL = YES;
				CLANG_ANALYZER_NUMBER_OBJECT_CONVERSION = YES_AGGRESSIVE;
				CLANG_CXX_LANGUAGE_STANDARD = "gnu++20";
				CLANG_ENABLE_MODULES = YES;
				CLANG_ENABLE_OBJC_ARC = YES;
				CLANG_ENABLE_OBJC_WEAK = YES;
				CLANG_WARN_BLOCK_CAPTURE_AUTORELEASING = YES;
				CLANG_WARN_BOOL_CONVERSION = YES;
				CLANG_WARN_COMMA = YES;
				CLANG_WARN_CONSTANT_CONVERSION = YES;
				CLANG_WARN_DEPRECATED_OBJC_IMPLEMENTATIONS = YES;
				CLANG_WARN_DIRECT_OBJC_ISA_USAGE = YES_ERROR;
				CLANG_WARN_DOCUMENTATION_COMMENTS = YES;
				CLANG_WARN_EMPTY_BODY = YES;
				CLANG_WARN_ENUM_CONVERSION = YES;
				CLANG_WARN_INFINITE_RECURSION = YES;
				CLANG_WARN_INT_CONVERSION = YES;
				CLANG_WARN_NON_LITERAL_NULL_CONVERSION = YES;
				CLANG_WARN_OBJC_IMPLICIT_RETAIN_SELF = YES;
				CLANG_WARN_OBJC_LITERAL_CONVERSION = YES;
				CLANG_WARN_OBJC_ROOT_CLASS = YES_ERROR;
				CLANG_WARN_QUOTED_INCLUDE_IN_FRAMEWORK_HEADER = YES;
				CLANG_WARN_RANGE_LOOP_ANALYSIS = YES;
				CLANG_WARN_STRICT_PROTOTYPES = YES;
				CLANG_WARN_SUSPICIOUS_MOVE = YES;
				CLANG_WARN_UNGUARDED_AVAILABILITY = YES_AGGRESSIVE;
				CLANG_WARN_UNREACHABLE_CODE = YES;
				CLANG_WARN__DUPLICATE_METHOD_MATCH = YES;
				COPY_PHASE_STRIP = NO;
				DEBUG_INFORMATION_FORMAT = dwarf;
				ENABLE_STRICT_OBJC_MSGSEND = YES;
				ENABLE_TESTABILITY = YES;
				ENABLE_USER_SCRIPT_SANDBOXING = YES;
				GCC_C_LANGUAGE_STANDARD = gnu17;
				GCC_DYNAMIC_NO_PIC = NO;
				GCC_NO_COMMON_BLOCKS = YES;
				GCC_OPTIMIZATION_LEVEL = 0;
				GCC_PREPROCESSOR_DEFINITIONS = (
					"DEBUG=1",
					"$(inherited)",
				);
				GCC_WARN_64_TO_32_BIT_CONVERSION = YES;
				GCC_WARN_ABOUT_RETURN_TYPE = YES_ERROR;
				GCC_WARN_UNDECLARED_SELECTOR = YES;
				GCC_WARN_UNINITIALIZED_AUTOS = YES_AGGRESSIVE;
				GCC_WARN_UNUSED_FUNCTION = YES;
				GCC_WARN_UNUSED_VARIABLE = YES;
				IPHONEOS_DEPLOYMENT_TARGET = 18.0;
				LOCALIZATION_PREFERS_STRING_CATALOGS = YES;
				MTL_ENABLE_DEBUG_INFO = INCLUDE_SOURCE;
				MTL_FAST_MATH = YES;
				ONLY_ACTIVE_ARCH = YES;
				SDKROOT = iphoneos;
				STRING_CATALOG_GENERATE_SYMBOLS = YES;
				SWIFT_ACTIVE_COMPILATION_CONDITIONS = "DEBUG $(inherited)";
				SWIFT_OPTIMIZATION_LEVEL = "-Onone";
			};
			name = Debug;
		};
		B10000000000000000000002 /* Release */ = {
			isa = XCBuildConfiguration;
			buildSettings = {
				ALWAYS_SEARCH_USER_PATHS = NO;
				ASSETCATALOG_COMPILER_GENERATE_SWIFT_ASSET_SYMBOL_EXTENSIONS = YES;
				CLANG_ANALYZER_NONNULL = YES;
				CLANG_ANALYZER_NUMBER_OBJECT_CONVERSION = YES_AGGRESSIVE;
				CLANG_CXX_LANGUAGE_STANDARD = "gnu++20";
				CLANG_ENABLE_MODULES = YES;
				CLANG_ENABLE_OBJC_ARC = YES;
				CLANG_ENABLE_OBJC_WEAK = YES;
				CLANG_WARN_BLOCK_CAPTURE_AUTORELEASING = YES;
				CLANG_WARN_BOOL_CONVERSION = YES;
				CLANG_WARN_COMMA = YES;
				CLANG_WARN_CONSTANT_CONVERSION = YES;
				CLANG_WARN_DEPRECATED_OBJC_IMPLEMENTATIONS = YES;
				CLANG_WARN_DIRECT_OBJC_ISA_USAGE = YES_ERROR;
				CLANG_WARN_DOCUMENTATION_COMMENTS = YES;
				CLANG_WARN_EMPTY_BODY = YES;
				CLANG_WARN_ENUM_CONVERSION = YES;
				CLANG_WARN_INFINITE_RECURSION = YES;
				CLANG_WARN_INT_CONVERSION = YES;
				CLANG_WARN_NON_LITERAL_NULL_CONVERSION = YES;
				CLANG_WARN_OBJC_IMPLICIT_RETAIN_SELF = YES;
				CLANG_WARN_OBJC_LITERAL_CONVERSION = YES;
				CLANG_WARN_OBJC_ROOT_CLASS = YES_ERROR;
				CLANG_WARN_QUOTED_INCLUDE_IN_FRAMEWORK_HEADER = YES;
				CLANG_WARN_RANGE_LOOP_ANALYSIS = YES;
				CLANG_WARN_STRICT_PROTOTYPES = YES;
				CLANG_WARN_SUSPICIOUS_MOVE = YES;
				CLANG_WARN_UNGUARDED_AVAILABILITY = YES_AGGRESSIVE;
				CLANG_WARN_UNREACHABLE_CODE = YES;
				CLANG_WARN__DUPLICATE_METHOD_MATCH = YES;
				COPY_PHASE_STRIP = NO;
				DEBUG_INFORMATION_FORMAT = "dwarf-with-dsym";
				ENABLE_NS_ASSERTIONS = NO;
				ENABLE_STRICT_OBJC_MSGSEND = YES;
				ENABLE_USER_SCRIPT_SANDBOXING = YES;
				GCC_C_LANGUAGE_STANDARD = gnu17;
				GCC_NO_COMMON_BLOCKS = YES;
				GCC_WARN_64_TO_32_BIT_CONVERSION = YES;
				GCC_WARN_ABOUT_RETURN_TYPE = YES_ERROR;
				GCC_WARN_UNDECLARED_SELECTOR = YES;
				GCC_WARN_UNINITIALIZED_AUTOS = YES_AGGRESSIVE;
				GCC_WARN_UNUSED_FUNCTION = YES;
				GCC_WARN_UNUSED_VARIABLE = YES;
				IPHONEOS_DEPLOYMENT_TARGET = 18.0;
				LOCALIZATION_PREFERS_STRING_CATALOGS = YES;
				MTL_ENABLE_DEBUG_INFO = NO;
				MTL_FAST_MATH = YES;
				SDKROOT = iphoneos;
				STRING_CATALOG_GENERATE_SYMBOLS = YES;
				SWIFT_COMPILATION_MODE = wholemodule;
				VALIDATE_PRODUCT = YES;
			};
			name = Release;
		};
		B10000000000000000000003 /* Debug */ = {
			isa = XCBuildConfiguration;
			buildSettings = {
				ASSETCATALOG_COMPILER_APPICON_NAME = AppIcon;
				"CODE_SIGN_IDENTITY[sdk=macosx*]" = "-";
				CODE_SIGN_ENTITLEMENTS = SmartHomeConductor/SmartHomeConductor.entitlements;
				CODE_SIGN_STYLE = Automatic;
				CURRENT_PROJECT_VERSION = 5;
				DEVELOPMENT_ASSET_PATHS = "";
				DEVELOPMENT_TEAM = 5MHV6294LG;
				ENABLE_PREVIEWS = YES;
				GENERATE_INFOPLIST_FILE = YES;
				INFOPLIST_FILE = SmartHomeConductor/Info.plist;
				INFOPLIST_KEY_CFBundleDisplayName = Conductor;
				INFOPLIST_KEY_LSApplicationCategoryType = "public.app-category.lifestyle";
				INFOPLIST_KEY_NSBluetoothAlwaysUsageDescription = "Conductor uses Bluetooth to discover nearby hubs, sensors, and commissioning accessories.";
				INFOPLIST_KEY_NSBonjourServices = "_hap._tcp _matter._tcp _shelly._tcp _http._tcp _rtsp._tcp _mqtt._tcp";
				INFOPLIST_KEY_NSHomeKitUsageDescription = "Conductor uses HomeKit to discover and control your smart home accessories.";
				INFOPLIST_KEY_NSLocalNetworkUsageDescription = "Conductor scans your local network to find hubs, cameras, and smart devices you choose to connect.";
				INFOPLIST_KEY_NSMicrophoneUsageDescription = "Conductor can listen locally for sounds you choose to classify for automations.";
				INFOPLIST_KEY_UIApplicationSceneManifest_Generation = YES;
				INFOPLIST_KEY_UIApplicationSupportsIndirectInputEvents = YES;
				INFOPLIST_KEY_UILaunchScreen_Generation = YES;
				INFOPLIST_KEY_UISupportedInterfaceOrientations = UIInterfaceOrientationPortrait;
				INFOPLIST_KEY_UISupportedInterfaceOrientations_iPad = "UIInterfaceOrientationPortrait UIInterfaceOrientationPortraitUpsideDown UIInterfaceOrientationLandscapeLeft UIInterfaceOrientationLandscapeRight";
				INFOPLIST_KEY_UISupportedInterfaceOrientations_iPhone = UIInterfaceOrientationPortrait;
				IPHONEOS_DEPLOYMENT_TARGET = 18.0;
				MARKETING_VERSION = 0.3.1;
				PRODUCT_BUNDLE_IDENTIFIER = app.conductor.smart.home;
				PRODUCT_NAME = "$(TARGET_NAME)";
				SUPPORTED_PLATFORMS = "iphoneos iphonesimulator";
				SUPPORTS_MACCATALYST = YES;
				SUPPORTS_MAC_DESIGNED_FOR_IPHONE_IPAD = NO;
				SUPPORTS_XR_DESIGNED_FOR_IPHONE_IPAD = NO;
				SWIFT_EMIT_LOC_STRINGS = YES;
				SWIFT_VERSION = 6.0;
				TARGETED_DEVICE_FAMILY = "1,2";
			};
			name = Debug;
		};
		B10000000000000000000004 /* Release */ = {
			isa = XCBuildConfiguration;
			buildSettings = {
				ASSETCATALOG_COMPILER_APPICON_NAME = AppIcon;
				"CODE_SIGN_IDENTITY[sdk=macosx*]" = "-";
				CODE_SIGN_ENTITLEMENTS = SmartHomeConductor/SmartHomeConductor.entitlements;
				CODE_SIGN_STYLE = Automatic;
				CURRENT_PROJECT_VERSION = 5;
				DEVELOPMENT_ASSET_PATHS = "";
				DEVELOPMENT_TEAM = 5MHV6294LG;
				ENABLE_PREVIEWS = YES;
				GENERATE_INFOPLIST_FILE = YES;
				INFOPLIST_FILE = SmartHomeConductor/Info.plist;
				INFOPLIST_KEY_CFBundleDisplayName = Conductor;
				INFOPLIST_KEY_LSApplicationCategoryType = "public.app-category.lifestyle";
				INFOPLIST_KEY_NSBluetoothAlwaysUsageDescription = "Conductor uses Bluetooth to discover nearby hubs, sensors, and commissioning accessories.";
				INFOPLIST_KEY_NSBonjourServices = "_hap._tcp _matter._tcp _shelly._tcp _http._tcp _rtsp._tcp _mqtt._tcp";
				INFOPLIST_KEY_NSHomeKitUsageDescription = "Conductor uses HomeKit to discover and control your smart home accessories.";
				INFOPLIST_KEY_NSLocalNetworkUsageDescription = "Conductor scans your local network to find hubs, cameras, and smart devices you choose to connect.";
				INFOPLIST_KEY_NSMicrophoneUsageDescription = "Conductor can listen locally for sounds you choose to classify for automations.";
				INFOPLIST_KEY_UIApplicationSceneManifest_Generation = YES;
				INFOPLIST_KEY_UIApplicationSupportsIndirectInputEvents = YES;
				INFOPLIST_KEY_UILaunchScreen_Generation = YES;
				INFOPLIST_KEY_UISupportedInterfaceOrientations = UIInterfaceOrientationPortrait;
				INFOPLIST_KEY_UISupportedInterfaceOrientations_iPad = "UIInterfaceOrientationPortrait UIInterfaceOrientationPortraitUpsideDown UIInterfaceOrientationLandscapeLeft UIInterfaceOrientationLandscapeRight";
				INFOPLIST_KEY_UISupportedInterfaceOrientations_iPhone = UIInterfaceOrientationPortrait;
				IPHONEOS_DEPLOYMENT_TARGET = 18.0;
				MARKETING_VERSION = 0.3.1;
				PRODUCT_BUNDLE_IDENTIFIER = app.conductor.smart.home;
				PRODUCT_NAME = "$(TARGET_NAME)";
				SUPPORTED_PLATFORMS = "iphoneos iphonesimulator";
				SUPPORTS_MACCATALYST = YES;
				SUPPORTS_MAC_DESIGNED_FOR_IPHONE_IPAD = NO;
				SUPPORTS_XR_DESIGNED_FOR_IPHONE_IPAD = NO;
				SWIFT_EMIT_LOC_STRINGS = YES;
				SWIFT_VERSION = 6.0;
				TARGETED_DEVICE_FAMILY = "1,2";
			};
			name = Release;
		};
/* End XCBuildConfiguration section */

/* Begin XCConfigurationList section */
		2641FE352FF8A41800DBC4F8 /* Build configuration list for PBXNativeTarget "SmartHomeConductorTests" */ = {
			isa = XCConfigurationList;
			buildConfigurations = (
				2641FE332FF8A41800DBC4F8 /* Debug */,
				2641FE342FF8A41800DBC4F8 /* Release */,
			);
			defaultConfigurationIsVisible = 0;
			defaultConfigurationName = Release;
		};
		A80000000000000000000001 /* Build configuration list for PBXProject "SmartHomeConductor" */ = {
			isa = XCConfigurationList;
			buildConfigurations = (
				B10000000000000000000001 /* Debug */,
				B10000000000000000000002 /* Release */,
			);
			defaultConfigurationIsVisible = 0;
			defaultConfigurationName = Release;
		};
		A80000000000000000000002 /* Build configuration list for PBXNativeTarget "SmartHomeConductor" */ = {
			isa = XCConfigurationList;
			buildConfigurations = (
				B10000000000000000000003 /* Debug */,
				B10000000000000000000004 /* Release */,
			);
			defaultConfigurationIsVisible = 0;
			defaultConfigurationName = Release;
		};
/* End XCConfigurationList section */
	};
	rootObject = A90000000000000000000001 /* Project object */;
}
